
Microsoft Visual Studio Solution File, Format Version 12.00
# Visual Studio Version 17
VisualStudioVersion = 17.14.36414.22 d17.14
MinimumVisualStudioVersion = 10.0.40219.1
Project("{FAE04EC0-301F-11D3-BF4B-00C04F79EFBC}") = "cs_ChatRoom", "cs_ChatRoom\cs_ChatRoom.csproj", "{0390CE70-ED08-4FB7-B74D-72032696761F}"
EndProject
Global
	GlobalSection(SolutionConfigurationPlatforms) = preSolution
		Debug|Any CPU = Debug|Any CPU
		Release|Any CPU = Release|Any CPU
	EndGlobalSection
	GlobalSection(ProjectConfigurationPlatforms) = postSolution
		{0390CE70-ED08-4FB7-B74D-72032696761F}.Debug|Any CPU.ActiveCfg = Debug|Any CPU
		{0390CE70-ED08-4FB7-B74D-72032696761F}.Debug|Any CPU.Build.0 = Debug|Any CPU
		{0390CE70-ED08-4FB7-B74D-72032696761F}.Release|Any CPU.ActiveCfg = Release|Any CPU
		{0390CE70-ED08-4FB7-B74D-72032696761F}.Release|Any CPU.Build.0 = Release|Any CPU
	EndGlobalSection
	GlobalSection(SolutionProperties) = preSolution
		HideSolutionNode = FALSE
	EndGlobalSection
	GlobalSection(ExtensibilityGlobals) = postSolution
		SolutionGuid = {050B9E0B-2FD9-47CD-862C-1C0FF7D3496F}
	EndGlobalSection
EndGlobal
